// !$*UTF8*$!
{
	archiveVersion = 1;
	classes = {
	};
	objectVersion = 56;
	objects = {

/* Begin PBXBuildFile section */
		280E8A3C29E47F0C007F6DD1 /* CalculatorApp.swift in Sources */ = {isa = PBXBuildFile; fileRef = 280E8A3B29E47F0C007F6DD1 /* CalculatorApp.swift */; };
		280E8A3E29E47F0C007F6DD1 /* MainCalculatorView.swift in Sources */ = {isa = PBXBuildFile; fileRef = 280E8A3D29E47F0C007F6DD1 /* MainCalculatorView.swift */; };
		280E8A4029E47F0D007F6DD1 /* Assets.xcassets in Resources */ = {isa = PBXBuildFile; fileRef = 280E8A3F29E47F0D007F6DD1 /* Assets.xcassets */; };
		280E8A4329E47F0D007F6DD1 /* Preview Assets.xcassets in Resources */ = {isa = PBXBuildFile; fileRef = 280E8A4229E47F0D007F6DD1 /* Preview Assets.xcassets */; };
		280E8A4A29E48DB8007F6DD1 /* ImageConstants.swift in Sources */ = {isa = PBXBuildFile; fileRef = 280E8A4929E48DB8007F6DD1 /* ImageConstants.swift */; };
		280E8A4E29E495C6007F6DD1 /* SunMoonView.swift in Sources */ = {isa = PBXBuildFile; fileRef = 280E8A4D29E495C6007F6DD1 /* SunMoonView.swift */; };
		280E8A5029E49694007F6DD1 /* ComputationView.swift in Sources */ = {isa = PBXBuildFile; fileRef = 280E8A4F29E49694007F6DD1 /* ComputationView.swift */; };
		280E8A5229E4984F007F6DD1 /* CalcsButtonsView.swift in Sources */ = {isa = PBXBuildFile; fileRef = 280E8A5129E4984F007F6DD1 /* CalcsButtonsView.swift */; };
		280E8A5429E4A0C8007F6DD1 /* Enumerations.swift in Sources */ = {isa = PBXBuildFile; fileRef = 280E8A5329E4A0C8007F6DD1 /* Enumerations.swift */; };
		280E8A5629E4A866007F6DD1 /* ButtonView.swift in Sources */ = {isa = PBXBuildFile; fileRef = 280E8A5529E4A866007F6DD1 /* ButtonView.swift */; };
/* End PBXBuildFile section */

/* Begin PBXFileReference section */
		280E8A3829E47F0C007F6DD1 /* Calculator.app */ = {isa = PBXFileReference; explicitFileType = wrapper.application; includeInIndex = 0; path = Calculator.app; sourceTree = BUILT_PRODUCTS_DIR; };
		280E8A3B29E47F0C007F6DD1 /* CalculatorApp.swift */ = {isa = PBXFileReference; lastKnownFileType = sourcecode.swift; path = CalculatorApp.swift; sourceTree = "<group>"; };
		280E8A3D29E47F0C007F6DD1 /* MainCalculatorView.swift */ = {isa = PBXFileReference; lastKnownFileType = sourcecode.swift; path = MainCalculatorView.swift; sourceTree = "<group>"; };
		280E8A3F29E47F0D007F6DD1 /* Assets.xcassets */ = {isa = PBXFileReference; lastKnownFileType = folder.assetcatalog; path = Assets.xcassets; sourceTree = "<group>"; };
		280E8A4229E47F0D007F6DD1 /* Preview Assets.xcassets */ = {isa = PBXFileReference; lastKnownFileType = folder.assetcatalog; path = "Preview Assets.xcassets"; sourceTree = "<group>"; };
		280E8A4929E48DB8007F6DD1 /* ImageConstants.swift */ = {isa = PBXFileReference; lastKnownFileType = sourcecode.swift; path = ImageConstants.swift; sourceTree = "<group>"; };
		280E8A4D29E495C6007F6DD1 /* SunMoonView.swift */ = {isa = PBXFileReference; lastKnownFileType = sourcecode.swift; path = SunMoonView.swift; sourceTree = "<group>"; };
		280E8A4F29E49694007F6DD1 /* ComputationView.swift */ = {isa = PBXFileReference; lastKnownFileType = sourcecode.swift; path = ComputationView.swift; sourceTree = "<group>"; };
		280E8A5129E4984F007F6DD1 /* CalcsButtonsView.swift */ = {isa = PBXFileReference; lastKnownFileType = sourcecode.swift; path = CalcsButtonsView.swift; sourceTree = "<group>"; };
		280E8A5329E4A0C8007F6DD1 /* Enumerations.swift */ = {isa = PBXFileReference; lastKnownFileType = sourcecode.swift; path = Enumerations.swift; sourceTree = "<group>"; };
		280E8A5529E4A866007F6DD1 /* ButtonView.swift */ = {isa = PBXFileReference; lastKnownFileType = sourcecode.swift; path = ButtonView.swift; sourceTree = "<group>"; };
/* End PBXFileReference section */

/* Begin PBXFrameworksBuildPhase section */
		280E8A3529E47F0C007F6DD1 /* Frameworks */ = {
			isa = PBXFrameworksBuildPhase;
			buildActionMask = 2147483647;
			files = (
			);
			runOnlyForDeploymentPostprocessing = 0;
		};
/* End PBXFrameworksBuildPhase section */

/* Begin PBXGroup section */
		280E8A2F29E47F0C007F6DD1 = {
			isa = PBXGroup;
			children = (
				280E8A3A29E47F0C007F6DD1 /* Calculator */,
				280E8A3929E47F0C007F6DD1 /* Products */,
			);
			sourceTree = "<group>";
		};
		280E8A3929E47F0C007F6DD1 /* Products */ = {
			isa = PBXGroup;
			children = (
				280E8A3829E47F0C007F6DD1 /* Calculator.app */,
			);
			name = Products;
			sourceTree = "<group>";
		};
		280E8A3A29E47F0C007F6DD1 /* Calculator */ = {
			isa = PBXGroup;
			children = (
				280E8A3B29E47F0C007F6DD1 /* CalculatorApp.swift */,
				280E8A3D29E47F0C007F6DD1 /* MainCalculatorView.swift */,
				280E8A3F29E47F0D007F6DD1 /* Assets.xcassets */,
				280E8A4129E47F0D007F6DD1 /* Preview Content */,
				280E8A4929E48DB8007F6DD1 /* ImageConstants.swift */,
				280E8A4D29E495C6007F6DD1 /* SunMoonView.swift */,
				280E8A4F29E49694007F6DD1 /* ComputationView.swift */,
				280E8A5129E4984F007F6DD1 /* CalcsButtonsView.swift */,
				280E8A5329E4A0C8007F6DD1 /* Enumerations.swift */,
				280E8A5529E4A866007F6DD1 /* ButtonView.swift */,
			);
			path = Calculator;
			sourceTree = "<group>";
		};
		280E8A4129E47F0D007F6DD1 /* Preview Content */ = {
			isa = PBXGroup;
			children = (
				280E8A4229E47F0D007F6DD1 /* Preview Assets.xcassets */,
			);
			path = "Preview Content";
			sourceTree = "<group>";
		};
/* End PBXGroup section */

/* Begin PBXNativeTarget section */
		280E8A3729E47F0C007F6DD1 /* Calculator */ = {
			isa = PBXNativeTarget;
			buildConfigurationList = 280E8A4629E47F0D007F6DD1 /* Build configuration list for PBXNativeTarget "Calculator" */;
			buildPhases = (
				280E8A3429E47F0C007F6DD1 /* Sources */,
				280E8A3529E47F0C007F6DD1 /* Frameworks */,
				280E8A3629E47F0C007F6DD1 /* Resources */,
			);
			buildRules = (
			);
			dependencies = (
			);
			name = Calculator;
			productName = Calculator;
			productReference = 280E8A3829E47F0C007F6DD1 /* Calculator.app */;
			productType = "com.apple.product-type.application";
		};
/* End PBXNativeTarget section */

/* Begin PBXProject section */
		280E8A3029E47F0C007F6DD1 /* Project object */ = {
			isa = PBXProject;
			attributes = {
				BuildIndependentTargetsInParallel = 1;
				LastSwiftUpdateCheck = 1420;
				LastUpgradeCheck = 1420;
				TargetAttributes = {
					280E8A3729E47F0C007F6DD1 = {
						CreatedOnToolsVersion = 14.2;
					};
				};
			};
			buildConfigurationList = 280E8A3329E47F0C007F6DD1 /* Build configuration list for PBXProject "Calculator" */;
			compatibilityVersion = "Xcode 14.0";
			developmentRegion = en;
			hasScannedForEncodings = 0;
			knownRegions = (
				en,
				Base,
			);
			mainGroup = 280E8A2F29E47F0C007F6DD1;
			productRefGroup = 280E8A3929E47F0C007F6DD1 /* Products */;
			projectDirPath = "";
			projectRoot = "";
			targets = (
				280E8A3729E47F0C007F6DD1 /* Calculator */,
			);
		};
/* End PBXProject section */

/* Begin PBXResourcesBuildPhase section */
		280E8A3629E47F0C007F6DD1 /* Resources */ = {
			isa = PBXResourcesBuildPhase;
			buildActionMask = 2147483647;
			files = (
				280E8A4329E47F0D007F6DD1 /* Preview Assets.xcassets in Resources */,
				280E8A4029E47F0D007F6DD1 /* Assets.xcassets in Resources */,
			);
			runOnlyForDeploymentPostprocessing = 0;
		};
/* End PBXResourcesBuildPhase section */

/* Begin PBXSourcesBuildPhase section */
		280E8A3429E47F0C007F6DD1 /* Sources */ = {
			isa = PBXSourcesBuildPhase;
			buildActionMask = 2147483647;
			files = (
				280E8A5429E4A0C8007F6DD1 /* Enumerations.swift in Sources */,
				280E8A3E29E47F0C007F6DD1 /* MainCalculatorView.swift in Sources */,
				280E8A5629E4A866007F6DD1 /* ButtonView.swift in Sources */,
				280E8A4A29E48DB8007F6DD1 /* ImageConstants.swift in Sources */,
				280E8A5029E49694007F6DD1 /* ComputationView.swift in Sources */,
				280E8A5229E4984F007F6DD1 /* CalcsButtonsView.swift in Sources */,
				280E8A4E29E495C6007F6DD1 /* SunMoonView.swift in Sources */,
				280E8A3C29E47F0C007F6DD1 /* CalculatorApp.swift in Sources */,
			);
			runOnlyForDeploymentPostprocessing = 0;
		};
/* End PBXSourcesBuildPhase section */

/* Begin XCBuildConfiguration section */
		280E8A4429E47F0D007F6DD1 /* Debug */ = {
			isa = XCBuildConfiguration;
			buildSettings = {
				ALWAYS_SEARCH_USER_PATHS = NO;
				CLANG_ANALYZER_NONNULL = YES;
				CLANG_ANALYZER_NUMBER_OBJECT_CONVERSION = YES_AGGRESSIVE;
				CLANG_CXX_LANGUAGE_STANDARD = "gnu++20";
				CLANG_ENABLE_MODULES = YES;
				CLANG_ENABLE_OBJC_ARC = YES;
				CLANG_ENABLE_OBJC_WEAK = YES;
				CLANG_WARN_BLOCK_CAPTURE_AUTORELEASING = YES;
				CLANG_WARN_BOOL_CONVERSION = YES;
				CLANG_WARN_COMMA = YES;
				CLANG_WARN_CONSTANT_CONVERSION = YES;
				CLANG_WARN_DEPRECATED_OBJC_IMPLEMENTATIONS = YES;
				CLANG_WARN_DIRECT_OBJC_ISA_USAGE = YES_ERROR;
				CLANG_WARN_DOCUMENTATION_COMMENTS = YES;
				CLANG_WARN_EMPTY_BODY = YES;
				CLANG_WARN_ENUM_CONVERSION = YES;
				CLANG_WARN_INFINITE_RECURSION = YES;
				CLANG_WARN_INT_CONVERSION = YES;
				CLANG_WARN_NON_LITERAL_NULL_CONVERSION = YES;
				CLANG_WARN_OBJC_IMPLICIT_RETAIN_SELF = YES;
				CLANG_WARN_OBJC_LITERAL_CONVERSION = YES;
				CLANG_WARN_OBJC_ROOT_CLASS = YES_ERROR;
				CLANG_WARN_QUOTED_INCLUDE_IN_FRAMEWORK_HEADER = YES;
				CLANG_WARN_RANGE_LOOP_ANALYSIS = YES;
				CLANG_WARN_STRICT_PROTOTYPES = YES;
				CLANG_WARN_SUSPICIOUS_MOVE = YES;
				CLANG_WARN_UNGUARDED_AVAILABILITY = YES_AGGRESSIVE;
				CLANG_WARN_UNREACHABLE_CODE = YES;
				CLANG_WARN__DUPLICATE_METHOD_MATCH = YES;
				COPY_PHASE_STRIP = NO;
				DEBUG_INFORMATION_FORMAT = dwarf;
				ENABLE_STRICT_OBJC_MSGSEND = YES;
				ENABLE_TESTABILITY = YES;
				GCC_C_LANGUAGE_STANDARD = gnu11;
				GCC_DYNAMIC_NO_PIC = NO;
				GCC_NO_COMMON_BLOCKS = YES;
				GCC_OPTIMIZATION_LEVEL = 0;
				GCC_PREPROCESSOR_DEFINITIONS = (
					"DEBUG=1",
					"$(inherited)",
				);
				GCC_WARN_64_TO_32_BIT_CONVERSION = YES;
				GCC_WARN_ABOUT_RETURN_TYPE = YES_ERROR;
				GCC_WARN_UNDECLARED_SELECTOR = YES;
				GCC_WARN_UNINITIALIZED_AUTOS = YES_AGGRESSIVE;
				GCC_WARN_UNUSED_FUNCTION = YES;
				GCC_WARN_UNUSED_VARIABLE = YES;
				IPHONEOS_DEPLOYMENT_TARGET = 16.2;
				MTL_ENABLE_DEBUG_INFO = INCLUDE_SOURCE;
				MTL_FAST_MATH = YES;
				ONLY_ACTIVE_ARCH = YES;
				SDKROOT = iphoneos;
				SWIFT_ACTIVE_COMPILATION_CONDITIONS = DEBUG;
				SWIFT_OPTIMIZATION_LEVEL = "-Onone";
			};
			name = Debug;
		};
		280E8A4529E47F0D007F6DD1 /* Release */ = {
			isa = XCBuildConfiguration;
			buildSettings = {
				ALWAYS_SEARCH_USER_PATHS = NO;
				CLANG_ANALYZER_NONNULL = YES;
				CLANG_ANALYZER_NUMBER_OBJECT_CONVERSION = YES_AGGRESSIVE;
				CLANG_CXX_LANGUAGE_STANDARD = "gnu++20";
				CLANG_ENABLE_MODULES = YES;
				CLANG_ENABLE_OBJC_ARC = YES;
				CLANG_ENABLE_OBJC_WEAK = YES;
				CLANG_WARN_BLOCK_CAPTURE_AUTORELEASING = YES;
				CLANG_WARN_BOOL_CONVERSION = YES;
				CLANG_WARN_COMMA = YES;
				CLANG_WARN_CONSTANT_CONVERSION = YES;
				CLANG_WARN_DEPRECATED_OBJC_IMPLEMENTATIONS = YES;
				CLANG_WARN_DIRECT_OBJC_ISA_USAGE = YES_ERROR;
				CLANG_WARN_DOCUMENTATION_COMMENTS = YES;
				CLANG_WARN_EMPTY_BODY = YES;
				CLANG_WARN_ENUM_CONVERSION = YES;
				CLANG_WARN_INFINITE_RECURSION = YES;
				CLANG_WARN_INT_CONVERSION = YES;
				CLANG_WARN_NON_LITERAL_NULL_CONVERSION = YES;
				CLANG_WARN_OBJC_IMPLICIT_RETAIN_SELF = YES;
				CLANG_WARN_OBJC_LITERAL_CONVERSION = YES;
				CLANG_WARN_OBJC_ROOT_CLASS = YES_ERROR;
				CLANG_WARN_QUOTED_INCLUDE_IN_FRAMEWORK_HEADER = YES;
				CLANG_WARN_RANGE_LOOP_ANALYSIS = YES;
				CLANG_WARN_STRICT_PROTOTYPES = YES;
				CLANG_WARN_SUSPICIOUS_MOVE = YES;
				CLANG_WARN_UNGUARDED_AVAILABILITY = YES_AGGRESSIVE;
				CLANG_WARN_UNREACHABLE_CODE = YES;
				CLANG_WARN__DUPLICATE_METHOD_MATCH = YES;
				COPY_PHASE_STRIP = NO;
				DEBUG_INFORMATION_FORMAT = "dwarf-with-dsym";
				ENABLE_NS_ASSERTIONS = NO;
				ENABLE_STRICT_OBJC_MSGSEND = YES;
				GCC_C_LANGUAGE_STANDARD = gnu11;
				GCC_NO_COMMON_BLOCKS = YES;
				GCC_WARN_64_TO_32_BIT_CONVERSION = YES;
				GCC_WARN_ABOUT_RETURN_TYPE = YES_ERROR;
				GCC_WARN_UNDECLARED_SELECTOR = YES;
				GCC_WARN_UNINITIALIZED_AUTOS = YES_AGGRESSIVE;
				GCC_WARN_UNUSED_FUNCTION = YES;
				GCC_WARN_UNUSED_VARIABLE = YES;
				IPHONEOS_DEPLOYMENT_TARGET = 16.2;
				MTL_ENABLE_DEBUG_INFO = NO;
				MTL_FAST_MATH = YES;
				SDKROOT = iphoneos;
				SWIFT_COMPILATION_MODE = wholemodule;
				SWIFT_OPTIMIZATION_LEVEL = "-O";
				VALIDATE_PRODUCT = YES;
			};
			name = Release;
		};
		280E8A4729E47F0D007F6DD1 /* Debug */ = {
			isa = XCBuildConfiguration;
			buildSettings = {
				ASSETCATALOG_COMPILER_APPICON_NAME = AppIcon;
				ASSETCATALOG_COMPILER_GLOBAL_ACCENT_COLOR_NAME = AccentColor;
				CODE_SIGN_STYLE = Automatic;
				CURRENT_PROJECT_VERSION = 1;
				DEVELOPMENT_ASSET_PATHS = "\"Calculator/Preview Content\"";
				ENABLE_PREVIEWS = YES;
				GENERATE_INFOPLIST_FILE = YES;
				INFOPLIST_KEY_UIApplicationSceneManifest_Generation = YES;
				INFOPLIST_KEY_UIApplicationSupportsIndirectInputEvents = YES;
				INFOPLIST_KEY_UILaunchScreen_Generation = YES;
				INFOPLIST_KEY_UISupportedInterfaceOrientations_iPad = "UIInterfaceOrientationPortrait UIInterfaceOrientationPortraitUpsideDown UIInterfaceOrientationLandscapeLeft UIInterfaceOrientationLandscapeRight";
				INFOPLIST_KEY_UISupportedInterfaceOrientations_iPhone = "UIInterfaceOrientationPortrait UIInterfaceOrientationLandscapeLeft UIInterfaceOrientationLandscapeRight";
				LD_RUNPATH_SEARCH_PATHS = (
					"$(inherited)",
					"@executable_path/Frameworks",
				);
				MARKETING_VERSION = 1.0;
				PRODUCT_BUNDLE_IDENTIFIER = com.olvera.Calculator;
				PRODUCT_NAME = "$(TARGET_NAME)";
				SWIFT_EMIT_LOC_STRINGS = YES;
				SWIFT_VERSION = 5.0;
				TARGETED_DEVICE_FAMILY = "1,2";
			};
			name = Debug;
		};
		280E8A4829E47F0D007F6DD1 /* Release */ = {
			isa = XCBuildConfiguration;
			buildSettings = {
				ASSETCATALOG_COMPILER_APPICON_NAME = AppIcon;
				ASSETCATALOG_COMPILER_GLOBAL_ACCENT_COLOR_NAME = AccentColor;
				CODE_SIGN_STYLE = Automatic;
				CURRENT_PROJECT_VERSION = 1;
				DEVELOPMENT_ASSET_PATHS = "\"Calculator/Preview Content\"";
				ENABLE_PREVIEWS = YES;
				GENERATE_INFOPLIST_FILE = YES;
				INFOPLIST_KEY_UIApplicationSceneManifest_Generation = YES;
				INFOPLIST_KEY_UIApplicationSupportsIndirectInputEvents = YES;
				INFOPLIST_KEY_UILaunchScreen_Generation = YES;
				INFOPLIST_KEY_UISupportedInterfaceOrientations_iPad = "UIInterfaceOrientationPortrait UIInterfaceOrientationPortraitUpsideDown UIInterfaceOrientationLandscapeLeft UIInterfaceOrientationLandscapeRight";
				INFOPLIST_KEY_UISupportedInterfaceOrientations_iPhone = "UIInterfaceOrientationPortrait UIInterfaceOrientationLandscapeLeft UIInterfaceOrientationLandscapeRight";
				LD_RUNPATH_SEARCH_PATHS = (
					"$(inherited)",
					"@executable_path/Frameworks",
				);
				MARKETING_VERSION = 1.0;
				PRODUCT_BUNDLE_IDENTIFIER = com.olvera.Calculator;
				PRODUCT_NAME = "$(TARGET_NAME)";
				SWIFT_EMIT_LOC_STRINGS = YES;
				SWIFT_VERSION = 5.0;
				TARGETED_DEVICE_FAMILY = "1,2";
			};
			name = Release;
		};
/* End XCBuildConfiguration section */

/* Begin XCConfigurationList section */
		280E8A3329E47F0C007F6DD1 /* Build configuration list for PBXProject "Calculator" */ = {
			isa = XCConfigurationList;
			buildConfigurations = (
				280E8A4429E47F0D007F6DD1 /* Debug */,
				280E8A4529E47F0D007F6DD1 /* Release */,
			);
			defaultConfigurationIsVisible = 0;
			defaultConfigurationName = Release;
		};
		280E8A4629E47F0D007F6DD1 /* Build configuration list for PBXNativeTarget "Calculator" */ = {
			isa = XCConfigurationList;
			buildConfigurations = (
				280E8A4729E47F0D007F6DD1 /* Debug */,
				280E8A4829E47F0D007F6DD1 /* Release */,
			);
			defaultConfigurationIsVisible = 0;
			defaultConfigurationName = Release;
		};
/* End XCConfigurationList section */
	};
	rootObject = 280E8A3029E47F0C007F6DD1 /* Project object */;
}
